
Microsoft Visual Studio Solution File, Format Version 12.00
# Visual Studio 15
VisualStudioVersion = 15.0.26228.12
MinimumVisualStudioVersion = 10.0.40219.1
Project("{FAE04EC0-301F-11D3-BF4B-00C04F79EFBC}") = "EDU.Web", "EDU.Web\EDU.Web.csproj", "{64EC9C40-AE86-475B-A12D-D88FED2A2FEB}"
EndProject
Project("{FAE04EC0-301F-11D3-BF4B-00C04F79EFBC}") = "EDU.BusinessFactory", "EDU.BusinessFactory\EDU.BusinessFactory.csproj", "{673A0EF3-1EBB-470E-8C1E-936ED68131C2}"
EndProject
Project("{FAE04EC0-301F-11D3-BF4B-00C04F79EFBC}") = "EDU.Contract", "EDU.Contract\EDU.Contract.csproj", "{13CD00CC-512B-4F7B-9925-FA043F32AA3C}"
EndProject
Project("{FAE04EC0-301F-11D3-BF4B-00C04F79EFBC}") = "EDU.DataFactory", "EDU.DataFactory\EDU.DataFactory.csproj", "{7EC50A4E-D1B6-4108-AAFC-85997FBAF6F5}"
EndProject
Global
	GlobalSection(SolutionConfigurationPlatforms) = preSolution
		Debug|Any CPU = Debug|Any CPU
		Release|Any CPU = Release|Any CPU
	EndGlobalSection
	GlobalSection(ProjectConfigurationPlatforms) = postSolution
		{64EC9C40-AE86-475B-A12D-D88FED2A2FEB}.Debug|Any CPU.ActiveCfg = Debug|Any CPU
		{64EC9C40-AE86-475B-A12D-D88FED2A2FEB}.Debug|Any CPU.Build.0 = Debug|Any CPU
		{64EC9C40-AE86-475B-A12D-D88FED2A2FEB}.Release|Any CPU.ActiveCfg = Release|Any CPU
		{64EC9C40-AE86-475B-A12D-D88FED2A2FEB}.Release|Any CPU.Build.0 = Release|Any CPU
		{673A0EF3-1EBB-470E-8C1E-936ED68131C2}.Debug|Any CPU.ActiveCfg = Debug|Any CPU
		{673A0EF3-1EBB-470E-8C1E-936ED68131C2}.Debug|Any CPU.Build.0 = Debug|Any CPU
		{673A0EF3-1EBB-470E-8C1E-936ED68131C2}.Release|Any CPU.ActiveCfg = Release|Any CPU
		{673A0EF3-1EBB-470E-8C1E-936ED68131C2}.Release|Any CPU.Build.0 = Release|Any CPU
		{13CD00CC-512B-4F7B-9925-FA043F32AA3C}.Debug|Any CPU.ActiveCfg = Debug|Any CPU
		{13CD00CC-512B-4F7B-9925-FA043F32AA3C}.Debug|Any CPU.Build.0 = Debug|Any CPU
		{13CD00CC-512B-4F7B-9925-FA043F32AA3C}.Release|Any CPU.ActiveCfg = Release|Any CPU
		{13CD00CC-512B-4F7B-9925-FA043F32AA3C}.Release|Any CPU.Build.0 = Release|Any CPU
		{7EC50A4E-D1B6-4108-AAFC-85997FBAF6F5}.Debug|Any CPU.ActiveCfg = Debug|Any CPU
		{7EC50A4E-D1B6-4108-AAFC-85997FBAF6F5}.Debug|Any CPU.Build.0 = Debug|Any CPU
		{7EC50A4E-D1B6-4108-AAFC-85997FBAF6F5}.Release|Any CPU.ActiveCfg = Release|Any CPU
		{7EC50A4E-D1B6-4108-AAFC-85997FBAF6F5}.Release|Any CPU.Build.0 = Release|Any CPU
	EndGlobalSection
	GlobalSection(SolutionProperties) = preSolution
		HideSolutionNode = FALSE
	EndGlobalSection
EndGlobal
